
Microsoft Visual Studio Solution File, Format Version 12.00
# Visual Studio 2013
VisualStudioVersion = 12.0.31101.0
MinimumVisualStudioVersion = 10.0.40219.1
Project("{FAE04EC0-301F-11D3-BF4B-00C04F79EFBC}") = "Sample.Server.Console", "Sample.Server.Console\Sample.Server.Console.csproj", "{C0905063-D291-4D65-AD08-3D1C3AA62B55}"
EndProject
Project("{FAE04EC0-301F-11D3-BF4B-00C04F79EFBC}") = "Sample.Application.WebApi", "Sample.Application.WebApi\Sample.Application.WebApi\Sample.Application.WebApi.csproj", "{FBFA18BA-A943-40E5-A2E4-2A0CC0E1D10B}"
EndProject
Project("{FAE04EC0-301F-11D3-BF4B-00C04F79EFBC}") = "Sample.Application.UI", "Sample.Application.UI\Sample.Application.UI.csproj", "{AF902DD7-4E3B-4FB5-A6F8-3AD882FD9B24}"
EndProject
Project("{2150E333-8FDC-42A3-9474-1A3956D46DE8}") = "grunt", "grunt", "{E3375643-5D5F-4B6F-A734-4E049A357409}"
	ProjectSection(SolutionItems) = preProject
		Gruntfile.js = Gruntfile.js
		package.json = package.json
		settings.json = settings.json
	EndProjectSection
EndProject
Project("{FAE04EC0-301F-11D3-BF4B-00C04F79EFBC}") = "Sample.Application.Console", "Sample.Application.Console\Sample.Application.Console.csproj", "{2BDF7985-66F8-4ACA-A503-5C42D554DFD2}"
EndProject
Project("{FAE04EC0-301F-11D3-BF4B-00C04F79EFBC}") = "Sample.Application.Mvc4", "Sample.Application.Mvc4\Sample.Application.Mvc4.csproj", "{1F9A9CFA-5050-4929-8E5C-A5478805217C}"
EndProject
Project("{FAE04EC0-301F-11D3-BF4B-00C04F79EFBC}") = "Sample.Application.DAL", "Sample.Application.DAL\Sample.Application.DAL.csproj", "{B0051054-5C8E-4839-B298-AF8D7CA7A310}"
EndProject
Project("{FAE04EC0-301F-11D3-BF4B-00C04F79EFBC}") = "Sample.Application.DAL.Entities", "Sample.Application.DAL.Entities\Sample.Application.DAL.Entities.csproj", "{7CE02A6E-918A-4AE1-AAC2-44D798AC3E20}"
EndProject
Project("{FAE04EC0-301F-11D3-BF4B-00C04F79EFBC}") = "Sample.Application.Database", "Sample.Application.Database\Sample.Application.Database.csproj", "{B45B68FB-8E8D-4635-89CF-66E9231E3715}"
EndProject
Project("{FAE04EC0-301F-11D3-BF4B-00C04F79EFBC}") = "Ebuy.Website", "Ebuy.Website\Ebuy.Website.csproj", "{0540E30E-8D0A-4698-AC6E-50DD89756E82}"
EndProject
Global
	GlobalSection(SolutionConfigurationPlatforms) = preSolution
		Debug|Any CPU = Debug|Any CPU
		Release|Any CPU = Release|Any CPU
	EndGlobalSection
	GlobalSection(ProjectConfigurationPlatforms) = postSolution
		{C0905063-D291-4D65-AD08-3D1C3AA62B55}.Debug|Any CPU.ActiveCfg = Debug|Any CPU
		{C0905063-D291-4D65-AD08-3D1C3AA62B55}.Debug|Any CPU.Build.0 = Debug|Any CPU
		{C0905063-D291-4D65-AD08-3D1C3AA62B55}.Release|Any CPU.ActiveCfg = Release|Any CPU
		{C0905063-D291-4D65-AD08-3D1C3AA62B55}.Release|Any CPU.Build.0 = Release|Any CPU
		{FBFA18BA-A943-40E5-A2E4-2A0CC0E1D10B}.Debug|Any CPU.ActiveCfg = Debug|Any CPU
		{FBFA18BA-A943-40E5-A2E4-2A0CC0E1D10B}.Debug|Any CPU.Build.0 = Debug|Any CPU
		{FBFA18BA-A943-40E5-A2E4-2A0CC0E1D10B}.Release|Any CPU.ActiveCfg = Release|Any CPU
		{FBFA18BA-A943-40E5-A2E4-2A0CC0E1D10B}.Release|Any CPU.Build.0 = Release|Any CPU
		{AF902DD7-4E3B-4FB5-A6F8-3AD882FD9B24}.Debug|Any CPU.ActiveCfg = Debug|Any CPU
		{AF902DD7-4E3B-4FB5-A6F8-3AD882FD9B24}.Debug|Any CPU.Build.0 = Debug|Any CPU
		{AF902DD7-4E3B-4FB5-A6F8-3AD882FD9B24}.Release|Any CPU.ActiveCfg = Release|Any CPU
		{AF902DD7-4E3B-4FB5-A6F8-3AD882FD9B24}.Release|Any CPU.Build.0 = Release|Any CPU
		{2BDF7985-66F8-4ACA-A503-5C42D554DFD2}.Debug|Any CPU.ActiveCfg = Debug|Any CPU
		{2BDF7985-66F8-4ACA-A503-5C42D554DFD2}.Debug|Any CPU.Build.0 = Debug|Any CPU
		{2BDF7985-66F8-4ACA-A503-5C42D554DFD2}.Release|Any CPU.ActiveCfg = Release|Any CPU
		{2BDF7985-66F8-4ACA-A503-5C42D554DFD2}.Release|Any CPU.Build.0 = Release|Any CPU
		{1F9A9CFA-5050-4929-8E5C-A5478805217C}.Debug|Any CPU.ActiveCfg = Debug|Any CPU
		{1F9A9CFA-5050-4929-8E5C-A5478805217C}.Debug|Any CPU.Build.0 = Debug|Any CPU
		{1F9A9CFA-5050-4929-8E5C-A5478805217C}.Release|Any CPU.ActiveCfg = Release|Any CPU
		{1F9A9CFA-5050-4929-8E5C-A5478805217C}.Release|Any CPU.Build.0 = Release|Any CPU
		{B0051054-5C8E-4839-B298-AF8D7CA7A310}.Debug|Any CPU.ActiveCfg = Debug|Any CPU
		{B0051054-5C8E-4839-B298-AF8D7CA7A310}.Debug|Any CPU.Build.0 = Debug|Any CPU
		{B0051054-5C8E-4839-B298-AF8D7CA7A310}.Release|Any CPU.ActiveCfg = Release|Any CPU
		{B0051054-5C8E-4839-B298-AF8D7CA7A310}.Release|Any CPU.Build.0 = Release|Any CPU
		{7CE02A6E-918A-4AE1-AAC2-44D798AC3E20}.Debug|Any CPU.ActiveCfg = Debug|Any CPU
		{7CE02A6E-918A-4AE1-AAC2-44D798AC3E20}.Debug|Any CPU.Build.0 = Debug|Any CPU
		{7CE02A6E-918A-4AE1-AAC2-44D798AC3E20}.Release|Any CPU.ActiveCfg = Release|Any CPU
		{7CE02A6E-918A-4AE1-AAC2-44D798AC3E20}.Release|Any CPU.Build.0 = Release|Any CPU
		{B45B68FB-8E8D-4635-89CF-66E9231E3715}.Debug|Any CPU.ActiveCfg = Debug|Any CPU
		{B45B68FB-8E8D-4635-89CF-66E9231E3715}.Debug|Any CPU.Build.0 = Debug|Any CPU
		{B45B68FB-8E8D-4635-89CF-66E9231E3715}.Release|Any CPU.ActiveCfg = Release|Any CPU
		{B45B68FB-8E8D-4635-89CF-66E9231E3715}.Release|Any CPU.Build.0 = Release|Any CPU
		{0540E30E-8D0A-4698-AC6E-50DD89756E82}.Debug|Any CPU.ActiveCfg = Debug|Any CPU
		{0540E30E-8D0A-4698-AC6E-50DD89756E82}.Debug|Any CPU.Build.0 = Debug|Any CPU
		{0540E30E-8D0A-4698-AC6E-50DD89756E82}.Release|Any CPU.ActiveCfg = Release|Any CPU
		{0540E30E-8D0A-4698-AC6E-50DD89756E82}.Release|Any CPU.Build.0 = Release|Any CPU
	EndGlobalSection
	GlobalSection(SolutionProperties) = preSolution
		HideSolutionNode = FALSE
	EndGlobalSection
EndGlobal
